// !$*UTF8*$!
{
	archiveVersion = 1;
	classes = {
	};
	objectVersion = 48;
	objects = {

/* Begin PBXBuildFile section */
		4EF01649217F148700E326B4 /* AppDelegate.swift in Sources */ = {isa = PBXBuildFile; fileRef = 4EF01648217F148700E326B4 /* AppDelegate.swift */; };
		4EF0164B217F148700E326B4 /* ViewController.swift in Sources */ = {isa = PBXBuildFile; fileRef = 4EF0164A217F148700E326B4 /* ViewController.swift */; };
		4EF0164E217F148700E326B4 /* Main.storyboard in Resources */ = {isa = PBXBuildFile; fileRef = 4EF0164C217F148700E326B4 /* Main.storyboard */; };
		4EF01651217F148700E326B4 /* dic_test1.xcdatamodeld in Sources */ = {isa = PBXBuildFile; fileRef = 4EF0164F217F148700E326B4 /* dic_test1.xcdatamodeld */; };
		4EF01653217F148700E326B4 /* Assets.xcassets in Resources */ = {isa = PBXBuildFile; fileRef = 4EF01652217F148700E326B4 /* Assets.xcassets */; };
		4EF01656217F148700E326B4 /* LaunchScreen.storyboard in Resources */ = {isa = PBXBuildFile; fileRef = 4EF01654217F148700E326B4 /* LaunchScreen.storyboard */; };
		4EF01661217F148700E326B4 /* dic_test1Tests.swift in Sources */ = {isa = PBXBuildFile; fileRef = 4EF01660217F148700E326B4 /* dic_test1Tests.swift */; };
		4EF0166C217F148700E326B4 /* dic_test1UITests.swift in Sources */ = {isa = PBXBuildFile; fileRef = 4EF0166B217F148700E326B4 /* dic_test1UITests.swift */; };
/* End PBXBuildFile section */

/* Begin PBXContainerItemProxy section */
		4EF0165D217F148700E326B4 /* PBXContainerItemProxy */ = {
			isa = PBXContainerItemProxy;
			containerPortal = 4EF0163D217F148700E326B4 /* Project object */;
			proxyType = 1;
			remoteGlobalIDString = 4EF01644217F148700E326B4;
			remoteInfo = "dic-test1";
		};
		4EF01668217F148700E326B4 /* PBXContainerItemProxy */ = {
			isa = PBXContainerItemProxy;
			containerPortal = 4EF0163D217F148700E326B4 /* Project object */;
			proxyType = 1;
			remoteGlobalIDString = 4EF01644217F148700E326B4;
			remoteInfo = "dic-test1";
		};
/* End PBXContainerItemProxy section */

/* Begin PBXFileReference section */
		4EF01645217F148700E326B4 /* dic-test1.app */ = {isa = PBXFileReference; explicitFileType = wrapper.application; includeInIndex = 0; path = "dic-test1.app"; sourceTree = BUILT_PRODUCTS_DIR; };
		4EF01648217F148700E326B4 /* AppDelegate.swift */ = {isa = PBXFileReference; lastKnownFileType = sourcecode.swift; path = AppDelegate.swift; sourceTree = "<group>"; };
		4EF0164A217F148700E326B4 /* ViewController.swift */ = {isa = PBXFileReference; lastKnownFileType = sourcecode.swift; path = ViewController.swift; sourceTree = "<group>"; };
		4EF0164D217F148700E326B4 /* Base */ = {isa = PBXFileReference; lastKnownFileType = file.storyboard; name = Base; path = Base.lproj/Main.storyboard; sourceTree = "<group>"; };
		4EF01650217F148700E326B4 /* dic_test1.xcdatamodel */ = {isa = PBXFileReference; lastKnownFileType = wrapper.xcdatamodel; path = dic_test1.xcdatamodel; sourceTree = "<group>"; };
		4EF01652217F148700E326B4 /* Assets.xcassets */ = {isa = PBXFileReference; lastKnownFileType = folder.assetcatalog; path = Assets.xcassets; sourceTree = "<group>"; };
		4EF01655217F148700E326B4 /* Base */ = {isa = PBXFileReference; lastKnownFileType = file.storyboard; name = Base; path = Base.lproj/LaunchScreen.storyboard; sourceTree = "<group>"; };
		4EF01657217F148700E326B4 /* Info.plist */ = {isa = PBXFileReference; lastKnownFileType = text.plist.xml; path = Info.plist; sourceTree = "<group>"; };
		4EF0165C217F148700E326B4 /* dic-test1Tests.xctest */ = {isa = PBXFileReference; explicitFileType = wrapper.cfbundle; includeInIndex = 0; path = "dic-test1Tests.xctest"; sourceTree = BUILT_PRODUCTS_DIR; };
		4EF01660217F148700E326B4 /* dic_test1Tests.swift */ = {isa = PBXFileReference; lastKnownFileType = sourcecode.swift; path = dic_test1Tests.swift; sourceTree = "<group>"; };
		4EF01662217F148700E326B4 /* Info.plist */ = {isa = PBXFileReference; lastKnownFileType = text.plist.xml; path = Info.plist; sourceTree = "<group>"; };
		4EF01667217F148700E326B4 /* dic-test1UITests.xctest */ = {isa = PBXFileReference; explicitFileType = wrapper.cfbundle; includeInIndex = 0; path = "dic-test1UITests.xctest"; sourceTree = BUILT_PRODUCTS_DIR; };
		4EF0166B217F148700E326B4 /* dic_test1UITests.swift */ = {isa = PBXFileReference; lastKnownFileType = sourcecode.swift; path = dic_test1UITests.swift; sourceTree = "<group>"; };
		4EF0166D217F148700E326B4 /* Info.plist */ = {isa = PBXFileReference; lastKnownFileType = text.plist.xml; path = Info.plist; sourceTree = "<group>"; };
/* End PBXFileReference section */

/* Begin PBXFrameworksBuildPhase section */
		4EF01642217F148700E326B4 /* Frameworks */ = {
			isa = PBXFrameworksBuildPhase;
			buildActionMask = 2147483647;
			files = (
			);
			runOnlyForDeploymentPostprocessing = 0;
		};
		4EF01659217F148700E326B4 /* Frameworks */ = {
			isa = PBXFrameworksBuildPhase;
			buildActionMask = 2147483647;
			files = (
			);
			runOnlyForDeploymentPostprocessing = 0;
		};
		4EF01664217F148700E326B4 /* Frameworks */ = {
			isa = PBXFrameworksBuildPhase;
			buildActionMask = 2147483647;
			files = (
			);
			runOnlyForDeploymentPostprocessing = 0;
		};
/* End PBXFrameworksBuildPhase section */

/* Begin PBXGroup section */
		4EF0163C217F148700E326B4 = {
			isa = PBXGroup;
			children = (
				4EF01647217F148700E326B4 /* dic-test1 */,
				4EF0165F217F148700E326B4 /* dic-test1Tests */,
				4EF0166A217F148700E326B4 /* dic-test1UITests */,
				4EF01646217F148700E326B4 /* Products */,
			);
			sourceTree = "<group>";
		};
		4EF01646217F148700E326B4 /* Products */ = {
			isa = PBXGroup;
			children = (
				4EF01645217F148700E326B4 /* dic-test1.app */,
				4EF0165C217F148700E326B4 /* dic-test1Tests.xctest */,
				4EF01667217F148700E326B4 /* dic-test1UITests.xctest */,
			);
			name = Products;
			sourceTree = "<group>";
		};
		4EF01647217F148700E326B4 /* dic-test1 */ = {
			isa = PBXGroup;
			children = (
				4EF01648217F148700E326B4 /* AppDelegate.swift */,
				4EF0164A217F148700E326B4 /* ViewController.swift */,
				4EF0164C217F148700E326B4 /* Main.storyboard */,
				4EF01652217F148700E326B4 /* Assets.xcassets */,
				4EF01654217F148700E326B4 /* LaunchScreen.storyboard */,
				4EF01657217F148700E326B4 /* Info.plist */,
				4EF0164F217F148700E326B4 /* dic_test1.xcdatamodeld */,
			);
			path = "dic-test1";
			sourceTree = "<group>";
		};
		4EF0165F217F148700E326B4 /* dic-test1Tests */ = {
			isa = PBXGroup;
			children = (
				4EF01660217F148700E326B4 /* dic_test1Tests.swift */,
				4EF01662217F148700E326B4 /* Info.plist */,
			);
			path = "dic-test1Tests";
			sourceTree = "<group>";
		};
		4EF0166A217F148700E326B4 /* dic-test1UITests */ = {
			isa = PBXGroup;
			children = (
				4EF0166B217F148700E326B4 /* dic_test1UITests.swift */,
				4EF0166D217F148700E326B4 /* Info.plist */,
			);
			path = "dic-test1UITests";
			sourceTree = "<group>";
		};
/* End PBXGroup section */

/* Begin PBXNativeTarget section */
		4EF01644217F148700E326B4 /* dic-test1 */ = {
			isa = PBXNativeTarget;
			buildConfigurationList = 4EF01670217F148700E326B4 /* Build configuration list for PBXNativeTarget "dic-test1" */;
			buildPhases = (
				4EF01641217F148700E326B4 /* Sources */,
				4EF01642217F148700E326B4 /* Frameworks */,
				4EF01643217F148700E326B4 /* Resources */,
			);
			buildRules = (
			);
			dependencies = (
			);
			name = "dic-test1";
			productName = "dic-test1";
			productReference = 4EF01645217F148700E326B4 /* dic-test1.app */;
			productType = "com.apple.product-type.application";
		};
		4EF0165B217F148700E326B4 /* dic-test1Tests */ = {
			isa = PBXNativeTarget;
			buildConfigurationList = 4EF01673217F148700E326B4 /* Build configuration list for PBXNativeTarget "dic-test1Tests" */;
			buildPhases = (
				4EF01658217F148700E326B4 /* Sources */,
				4EF01659217F148700E326B4 /* Frameworks */,
				4EF0165A217F148700E326B4 /* Resources */,
			);
			buildRules = (
			);
			dependencies = (
				4EF0165E217F148700E326B4 /* PBXTargetDependency */,
			);
			name = "dic-test1Tests";
			productName = "dic-test1Tests";
			productReference = 4EF0165C217F148700E326B4 /* dic-test1Tests.xctest */;
			productType = "com.apple.product-type.bundle.unit-test";
		};
		4EF01666217F148700E326B4 /* dic-test1UITests */ = {
			isa = PBXNativeTarget;
			buildConfigurationList = 4EF01676217F148700E326B4 /* Build configuration list for PBXNativeTarget "dic-test1UITests" */;
			buildPhases = (
				4EF01663217F148700E326B4 /* Sources */,
				4EF01664217F148700E326B4 /* Frameworks */,
				4EF01665217F148700E326B4 /* Resources */,
			);
			buildRules = (
			);
			dependencies = (
				4EF01669217F148700E326B4 /* PBXTargetDependency */,
			);
			name = "dic-test1UITests";
			productName = "dic-test1UITests";
			productReference = 4EF01667217F148700E326B4 /* dic-test1UITests.xctest */;
			productType = "com.apple.product-type.bundle.ui-testing";
		};
/* End PBXNativeTarget section */

/* Begin PBXProject section */
		4EF0163D217F148700E326B4 /* Project object */ = {
			isa = PBXProject;
			attributes = {
				LastSwiftUpdateCheck = 0920;
				LastUpgradeCheck = 0920;
				ORGANIZATIONNAME = dit;
				TargetAttributes = {
					4EF01644217F148700E326B4 = {
						CreatedOnToolsVersion = 9.2;
						ProvisioningStyle = Automatic;
					};
					4EF0165B217F148700E326B4 = {
						CreatedOnToolsVersion = 9.2;
						ProvisioningStyle = Automatic;
						TestTargetID = 4EF01644217F148700E326B4;
					};
					4EF01666217F148700E326B4 = {
						CreatedOnToolsVersion = 9.2;
						ProvisioningStyle = Automatic;
						TestTargetID = 4EF01644217F148700E326B4;
					};
				};
			};
			buildConfigurationList = 4EF01640217F148700E326B4 /* Build configuration list for PBXProject "dic-test1" */;
			compatibilityVersion = "Xcode 8.0";
			developmentRegion = en;
			hasScannedForEncodings = 0;
			knownRegions = (
				en,
				Base,
			);
			mainGroup = 4EF0163C217F148700E326B4;
			productRefGroup = 4EF01646217F148700E326B4 /* Products */;
			projectDirPath = "";
			projectRoot = "";
			targets = (
				4EF01644217F148700E326B4 /* dic-test1 */,
				4EF0165B217F148700E326B4 /* dic-test1Tests */,
				4EF01666217F148700E326B4 /* dic-test1UITests */,
			);
		};
/* End PBXProject section */

/* Begin PBXResourcesBuildPhase section */
		4EF01643217F148700E326B4 /* Resources */ = {
			isa = PBXResourcesBuildPhase;
			buildActionMask = 2147483647;
			files = (
				4EF01656217F148700E326B4 /* LaunchScreen.storyboard in Resources */,
				4EF01653217F148700E326B4 /* Assets.xcassets in Resources */,
				4EF0164E217F148700E326B4 /* Main.storyboard in Resources */,
			);
			runOnlyForDeploymentPostprocessing = 0;
		};
		4EF0165A217F148700E326B4 /* Resources */ = {
			isa = PBXResourcesBuildPhase;
			buildActionMask = 2147483647;
			files = (
			);
			runOnlyForDeploymentPostprocessing = 0;
		};
		4EF01665217F148700E326B4 /* Resources */ = {
			isa = PBXResourcesBuildPhase;
			buildActionMask = 2147483647;
			files = (
			);
			runOnlyForDeploymentPostprocessing = 0;
		};
/* End PBXResourcesBuildPhase section */

/* Begin PBXSourcesBuildPhase section */
		4EF01641217F148700E326B4 /* Sources */ = {
			isa = PBXSourcesBuildPhase;
			buildActionMask = 2147483647;
			files = (
				4EF01651217F148700E326B4 /* dic_test1.xcdatamodeld in Sources */,
				4EF0164B217F148700E326B4 /* ViewController.swift in Sources */,
				4EF01649217F148700E326B4 /* AppDelegate.swift in Sources */,
			);
			runOnlyForDeploymentPostprocessing = 0;
		};
		4EF01658217F148700E326B4 /* Sources */ = {
			isa = PBXSourcesBuildPhase;
			buildActionMask = 2147483647;
			files = (
				4EF01661217F148700E326B4 /* dic_test1Tests.swift in Sources */,
			);
			runOnlyForDeploymentPostprocessing = 0;
		};
		4EF01663217F148700E326B4 /* Sources */ = {
			isa = PBXSourcesBuildPhase;
			buildActionMask = 2147483647;
			files = (
				4EF0166C217F148700E326B4 /* dic_test1UITests.swift in Sources */,
			);
			runOnlyForDeploymentPostprocessing = 0;
		};
/* End PBXSourcesBuildPhase section */

/* Begin PBXTargetDependency section */
		4EF0165E217F148700E326B4 /* PBXTargetDependency */ = {
			isa = PBXTargetDependency;
			target = 4EF01644217F148700E326B4 /* dic-test1 */;
			targetProxy = 4EF0165D217F148700E326B4 /* PBXContainerItemProxy */;
		};
		4EF01669217F148700E326B4 /* PBXTargetDependency */ = {
			isa = PBXTargetDependency;
			target = 4EF01644217F148700E326B4 /* dic-test1 */;
			targetProxy = 4EF01668217F148700E326B4 /* PBXContainerItemProxy */;
		};
/* End PBXTargetDependency section */

/* Begin PBXVariantGroup section */
		4EF0164C217F148700E326B4 /* Main.storyboard */ = {
			isa = PBXVariantGroup;
			children = (
				4EF0164D217F148700E326B4 /* Base */,
			);
			name = Main.storyboard;
			sourceTree = "<group>";
		};
		4EF01654217F148700E326B4 /* LaunchScreen.storyboard */ = {
			isa = PBXVariantGroup;
			children = (
				4EF01655217F148700E326B4 /* Base */,
			);
			name = LaunchScreen.storyboard;
			sourceTree = "<group>";
		};
/* End PBXVariantGroup section */

/* Begin XCBuildConfiguration section */
		4EF0166E217F148700E326B4 /* Debug */ = {
			isa = XCBuildConfiguration;
			buildSettings = {
				ALWAYS_SEARCH_USER_PATHS = NO;
				CLANG_ANALYZER_NONNULL = YES;
				CLANG_ANALYZER_NUMBER_OBJECT_CONVERSION = YES_AGGRESSIVE;
				CLANG_CXX_LANGUAGE_STANDARD = "gnu++14";
				CLANG_CXX_LIBRARY = "libc++";
				CLANG_ENABLE_MODULES = YES;
				CLANG_ENABLE_OBJC_ARC = YES;
				CLANG_WARN_BLOCK_CAPTURE_AUTORELEASING = YES;
				CLANG_WARN_BOOL_CONVERSION = YES;
				CLANG_WARN_COMMA = YES;
				CLANG_WARN_CONSTANT_CONVERSION = YES;
				CLANG_WARN_DIRECT_OBJC_ISA_USAGE = YES_ERROR;
				CLANG_WARN_DOCUMENTATION_COMMENTS = YES;
				CLANG_WARN_EMPTY_BODY = YES;
				CLANG_WARN_ENUM_CONVERSION = YES;
				CLANG_WARN_INFINITE_RECURSION = YES;
				CLANG_WARN_INT_CONVERSION = YES;
				CLANG_WARN_NON_LITERAL_NULL_CONVERSION = YES;
				CLANG_WARN_OBJC_LITERAL_CONVERSION = YES;
				CLANG_WARN_OBJC_ROOT_CLASS = YES_ERROR;
				CLANG_WARN_RANGE_LOOP_ANALYSIS = YES;
				CLANG_WARN_STRICT_PROTOTYPES = YES;
				CLANG_WARN_SUSPICIOUS_MOVE = YES;
				CLANG_WARN_UNGUARDED_AVAILABILITY = YES_AGGRESSIVE;
				CLANG_WARN_UNREACHABLE_CODE = YES;
				CLANG_WARN__DUPLICATE_METHOD_MATCH = YES;
				CODE_SIGN_IDENTITY = "iPhone Developer";
				COPY_PHASE_STRIP = NO;
				DEBUG_INFORMATION_FORMAT = dwarf;
				ENABLE_STRICT_OBJC_MSGSEND = YES;
				ENABLE_TESTABILITY = YES;
				GCC_C_LANGUAGE_STANDARD = gnu11;
				GCC_DYNAMIC_NO_PIC = NO;
				GCC_NO_COMMON_BLOCKS = YES;
				GCC_OPTIMIZATION_LEVEL = 0;
				GCC_PREPROCESSOR_DEFINITIONS = (
					"DEBUG=1",
					"$(inherited)",
				);
				GCC_WARN_64_TO_32_BIT_CONVERSION = YES;
				GCC_WARN_ABOUT_RETURN_TYPE = YES_ERROR;
				GCC_WARN_UNDECLARED_SELECTOR = YES;
				GCC_WARN_UNINITIALIZED_AUTOS = YES_AGGRESSIVE;
				GCC_WARN_UNUSED_FUNCTION = YES;
				GCC_WARN_UNUSED_VARIABLE = YES;
				IPHONEOS_DEPLOYMENT_TARGET = 11.2;
				MTL_ENABLE_DEBUG_INFO = YES;
				ONLY_ACTIVE_ARCH = YES;
				SDKROOT = iphoneos;
				SWIFT_ACTIVE_COMPILATION_CONDITIONS = DEBUG;
				SWIFT_OPTIMIZATION_LEVEL = "-Onone";
			};
			name = Debug;
		};
		4EF0166F217F148700E326B4 /* Release */ = {
			isa = XCBuildConfiguration;
			buildSettings = {
				ALWAYS_SEARCH_USER_PATHS = NO;
				CLANG_ANALYZER_NONNULL = YES;
				CLANG_ANALYZER_NUMBER_OBJECT_CONVERSION = YES_AGGRESSIVE;
				CLANG_CXX_LANGUAGE_STANDARD = "gnu++14";
				CLANG_CXX_LIBRARY = "libc++";
				CLANG_ENABLE_MODULES = YES;
				CLANG_ENABLE_OBJC_ARC = YES;
				CLANG_WARN_BLOCK_CAPTURE_AUTORELEASING = YES;
				CLANG_WARN_BOOL_CONVERSION = YES;
				CLANG_WARN_COMMA = YES;
				CLANG_WARN_CONSTANT_CONVERSION = YES;
				CLANG_WARN_DIRECT_OBJC_ISA_USAGE = YES_ERROR;
				CLANG_WARN_DOCUMENTATION_COMMENTS = YES;
				CLANG_WARN_EMPTY_BODY = YES;
				CLANG_WARN_ENUM_CONVERSION = YES;
				CLANG_WARN_INFINITE_RECURSION = YES;
				CLANG_WARN_INT_CONVERSION = YES;
				CLANG_WARN_NON_LITERAL_NULL_CONVERSION = YES;
				CLANG_WARN_OBJC_LITERAL_CONVERSION = YES;
				CLANG_WARN_OBJC_ROOT_CLASS = YES_ERROR;
				CLANG_WARN_RANGE_LOOP_ANALYSIS = YES;
				CLANG_WARN_STRICT_PROTOTYPES = YES;
				CLANG_WARN_SUSPICIOUS_MOVE = YES;
				CLANG_WARN_UNGUARDED_AVAILABILITY = YES_AGGRESSIVE;
				CLANG_WARN_UNREACHABLE_CODE = YES;
				CLANG_WARN__DUPLICATE_METHOD_MATCH = YES;
				CODE_SIGN_IDENTITY = "iPhone Developer";
				COPY_PHASE_STRIP = NO;
				DEBUG_INFORMATION_FORMAT = "dwarf-with-dsym";
				ENABLE_NS_ASSERTIONS = NO;
				ENABLE_STRICT_OBJC_MSGSEND = YES;
				GCC_C_LANGUAGE_STANDARD = gnu11;
				GCC_NO_COMMON_BLOCKS = YES;
				GCC_WARN_64_TO_32_BIT_CONVERSION = YES;
				GCC_WARN_ABOUT_RETURN_TYPE = YES_ERROR;
				GCC_WARN_UNDECLARED_SELECTOR = YES;
				GCC_WARN_UNINITIALIZED_AUTOS = YES_AGGRESSIVE;
				GCC_WARN_UNUSED_FUNCTION = YES;
				GCC_WARN_UNUSED_VARIABLE = YES;
				IPHONEOS_DEPLOYMENT_TARGET = 11.2;
				MTL_ENABLE_DEBUG_INFO = NO;
				SDKROOT = iphoneos;
				SWIFT_OPTIMIZATION_LEVEL = "-Owholemodule";
				VALIDATE_PRODUCT = YES;
			};
			name = Release;
		};
		4EF01671217F148700E326B4 /* Debug */ = {
			isa = XCBuildConfiguration;
			buildSettings = {
				ASSETCATALOG_COMPILER_APPICON_NAME = AppIcon;
				CODE_SIGN_STYLE = Automatic;
				INFOPLIST_FILE = "dic-test1/Info.plist";
				LD_RUNPATH_SEARCH_PATHS = "$(inherited) @executable_path/Frameworks";
				PRODUCT_BUNDLE_IDENTIFIER = "dit.dic-test1";
				PRODUCT_NAME = "$(TARGET_NAME)";
				SWIFT_VERSION = 4.0;
				TARGETED_DEVICE_FAMILY = "1,2";
			};
			name = Debug;
		};
		4EF01672217F148700E326B4 /* Release */ = {
			isa = XCBuildConfiguration;
			buildSettings = {
				ASSETCATALOG_COMPILER_APPICON_NAME = AppIcon;
				CODE_SIGN_STYLE = Automatic;
				INFOPLIST_FILE = "dic-test1/Info.plist";
				LD_RUNPATH_SEARCH_PATHS = "$(inherited) @executable_path/Frameworks";
				PRODUCT_BUNDLE_IDENTIFIER = "dit.dic-test1";
				PRODUCT_NAME = "$(TARGET_NAME)";
				SWIFT_VERSION = 4.0;
				TARGETED_DEVICE_FAMILY = "1,2";
			};
			name = Release;
		};
		4EF01674217F148700E326B4 /* Debug */ = {
			isa = XCBuildConfiguration;
			buildSettings = {
				ALWAYS_EMBED_SWIFT_STANDARD_LIBRARIES = YES;
				BUNDLE_LOADER = "$(TEST_HOST)";
				CODE_SIGN_STYLE = Automatic;
				INFOPLIST_FILE = "dic-test1Tests/Info.plist";
				LD_RUNPATH_SEARCH_PATHS = "$(inherited) @executable_path/Frameworks @loader_path/Frameworks";
				PRODUCT_BUNDLE_IDENTIFIER = "dit.dic-test1Tests";
				PRODUCT_NAME = "$(TARGET_NAME)";
				SWIFT_VERSION = 4.0;
				TARGETED_DEVICE_FAMILY = "1,2";
				TEST_HOST = "$(BUILT_PRODUCTS_DIR)/dic-test1.app/dic-test1";
			};
			name = Debug;
		};
		4EF01675217F148700E326B4 /* Release */ = {
			isa = XCBuildConfiguration;
			buildSettings = {
				ALWAYS_EMBED_SWIFT_STANDARD_LIBRARIES = YES;
				BUNDLE_LOADER = "$(TEST_HOST)";
				CODE_SIGN_STYLE = Automatic;
				INFOPLIST_FILE = "dic-test1Tests/Info.plist";
				LD_RUNPATH_SEARCH_PATHS = "$(inherited) @executable_path/Frameworks @loader_path/Frameworks";
				PRODUCT_BUNDLE_IDENTIFIER = "dit.dic-test1Tests";
				PRODUCT_NAME = "$(TARGET_NAME)";
				SWIFT_VERSION = 4.0;
				TARGETED_DEVICE_FAMILY = "1,2";
				TEST_HOST = "$(BUILT_PRODUCTS_DIR)/dic-test1.app/dic-test1";
			};
			name = Release;
		};
		4EF01677217F148700E326B4 /* Debug */ = {
			isa = XCBuildConfiguration;
			buildSettings = {
				ALWAYS_EMBED_SWIFT_STANDARD_LIBRARIES = YES;
				CODE_SIGN_STYLE = Automatic;
				INFOPLIST_FILE = "dic-test1UITests/Info.plist";
				LD_RUNPATH_SEARCH_PATHS = "$(inherited) @executable_path/Frameworks @loader_path/Frameworks";
				PRODUCT_BUNDLE_IDENTIFIER = "dit.dic-test1UITests";
				PRODUCT_NAME = "$(TARGET_NAME)";
				SWIFT_VERSION = 4.0;
				TARGETED_DEVICE_FAMILY = "1,2";
				TEST_TARGET_NAME = "dic-test1";
			};
			name = Debug;
		};
		4EF01678217F148700E326B4 /* Release */ = {
			isa = XCBuildConfiguration;
			buildSettings = {
				ALWAYS_EMBED_SWIFT_STANDARD_LIBRARIES = YES;
				CODE_SIGN_STYLE = Automatic;
				INFOPLIST_FILE = "dic-test1UITests/Info.plist";
				LD_RUNPATH_SEARCH_PATHS = "$(inherited) @executable_path/Frameworks @loader_path/Frameworks";
				PRODUCT_BUNDLE_IDENTIFIER = "dit.dic-test1UITests";
				PRODUCT_NAME = "$(TARGET_NAME)";
				SWIFT_VERSION = 4.0;
				TARGETED_DEVICE_FAMILY = "1,2";
				TEST_TARGET_NAME = "dic-test1";
			};
			name = Release;
		};
/* End XCBuildConfiguration section */

/* Begin XCConfigurationList section */
		4EF01640217F148700E326B4 /* Build configuration list for PBXProject "dic-test1" */ = {
			isa = XCConfigurationList;
			buildConfigurations = (
				4EF0166E217F148700E326B4 /* Debug */,
				4EF0166F217F148700E326B4 /* Release */,
			);
			defaultConfigurationIsVisible = 0;
			defaultConfigurationName = Release;
		};
		4EF01670217F148700E326B4 /* Build configuration list for PBXNativeTarget "dic-test1" */ = {
			isa = XCConfigurationList;
			buildConfigurations = (
				4EF01671217F148700E326B4 /* Debug */,
				4EF01672217F148700E326B4 /* Release */,
			);
			defaultConfigurationIsVisible = 0;
			defaultConfigurationName = Release;
		};
		4EF01673217F148700E326B4 /* Build configuration list for PBXNativeTarget "dic-test1Tests" */ = {
			isa = XCConfigurationList;
			buildConfigurations = (
				4EF01674217F148700E326B4 /* Debug */,
				4EF01675217F148700E326B4 /* Release */,
			);
			defaultConfigurationIsVisible = 0;
			defaultConfigurationName = Release;
		};
		4EF01676217F148700E326B4 /* Build configuration list for PBXNativeTarget "dic-test1UITests" */ = {
			isa = XCConfigurationList;
			buildConfigurations = (
				4EF01677217F148700E326B4 /* Debug */,
				4EF01678217F148700E326B4 /* Release */,
			);
			defaultConfigurationIsVisible = 0;
			defaultConfigurationName = Release;
		};
/* End XCConfigurationList section */

/* Begin XCVersionGroup section */
		4EF0164F217F148700E326B4 /* dic_test1.xcdatamodeld */ = {
			isa = XCVersionGroup;
			children = (
				4EF01650217F148700E326B4 /* dic_test1.xcdatamodel */,
			);
			currentVersion = 4EF01650217F148700E326B4 /* dic_test1.xcdatamodel */;
			path = dic_test1.xcdatamodeld;
			sourceTree = "<group>";
			versionGroupType = wrapper.xcdatamodel;
		};
/* End XCVersionGroup section */
	};
	rootObject = 4EF0163D217F148700E326B4 /* Project object */;
}
